
Microsoft Visual Studio Solution File, Format Version 12.00
# Visual Studio Version 17
VisualStudioVersion = 17.0.31919.166
MinimumVisualStudioVersion = 10.0.40219.1
Project("{FAE04EC0-301F-11D3-BF4B-00C04F79EFBC}") = "Chunck", "Chunck\Chunck.csproj", "{924F880F-3EB5-4C34-AFE1-939031D40FF6}"
EndProject
Global
	GlobalSection(SolutionConfigurationPlatforms) = preSolution
		Debug|Any CPU = Debug|Any CPU
		Release|Any CPU = Release|Any CPU
	EndGlobalSection
	GlobalSection(ProjectConfigurationPlatforms) = postSolution
		{924F880F-3EB5-4C34-AFE1-939031D40FF6}.Debug|Any CPU.ActiveCfg = Debug|Any CPU
		{924F880F-3EB5-4C34-AFE1-939031D40FF6}.Debug|Any CPU.Build.0 = Debug|Any CPU
		{924F880F-3EB5-4C34-AFE1-939031D40FF6}.Release|Any CPU.ActiveCfg = Release|Any CPU
		{924F880F-3EB5-4C34-AFE1-939031D40FF6}.Release|Any CPU.Build.0 = Release|Any CPU
	EndGlobalSection
	GlobalSection(SolutionProperties) = preSolution
		HideSolutionNode = FALSE
	EndGlobalSection
	GlobalSection(ExtensibilityGlobals) = postSolution
		SolutionGuid = {1F20A817-A859-4A57-9DB2-EC60F4576CB6}
	EndGlobalSection
EndGlobal
