
Microsoft Visual Studio Solution File, Format Version 12.00
# Visual Studio Version 17
VisualStudioVersion = 17.0.31919.166
MinimumVisualStudioVersion = 10.0.40219.1
Project("{FAE04EC0-301F-11D3-BF4B-00C04F79EFBC}") = "CountChars", "CountChars\CountChars.csproj", "{6857BF7F-B1EC-46F7-B3A1-99777F90F094}"
EndProject
Global
	GlobalSection(SolutionConfigurationPlatforms) = preSolution
		Debug|Any CPU = Debug|Any CPU
		Release|Any CPU = Release|Any CPU
	EndGlobalSection
	GlobalSection(ProjectConfigurationPlatforms) = postSolution
		{6857BF7F-B1EC-46F7-B3A1-99777F90F094}.Debug|Any CPU.ActiveCfg = Debug|Any CPU
		{6857BF7F-B1EC-46F7-B3A1-99777F90F094}.Debug|Any CPU.Build.0 = Debug|Any CPU
		{6857BF7F-B1EC-46F7-B3A1-99777F90F094}.Release|Any CPU.ActiveCfg = Release|Any CPU
		{6857BF7F-B1EC-46F7-B3A1-99777F90F094}.Release|Any CPU.Build.0 = Release|Any CPU
	EndGlobalSection
	GlobalSection(SolutionProperties) = preSolution
		HideSolutionNode = FALSE
	EndGlobalSection
	GlobalSection(ExtensibilityGlobals) = postSolution
		SolutionGuid = {5538596A-E249-4598-B28B-C8C4C8E5C12A}
	EndGlobalSection
EndGlobal
